// !$*UTF8*$!
{
	archiveVersion = 1;
	classes = {
	};
	objectVersion = 55;
	objects = {

/* Begin PBXBuildFile section */
		401B854927B5CE1100A7CF71 /* AppDelegate.swift in Sources */ = {isa = PBXBuildFile; fileRef = 401B854827B5CE1100A7CF71 /* AppDelegate.swift */; };
		401B854B27B5CE1100A7CF71 /* SceneDelegate.swift in Sources */ = {isa = PBXBuildFile; fileRef = 401B854A27B5CE1100A7CF71 /* SceneDelegate.swift */; };
		401B855027B5CE1100A7CF71 /* Main.storyboard in Resources */ = {isa = PBXBuildFile; fileRef = 401B854E27B5CE1100A7CF71 /* Main.storyboard */; };
		401B855227B5CE1300A7CF71 /* Assets.xcassets in Resources */ = {isa = PBXBuildFile; fileRef = 401B855127B5CE1300A7CF71 /* Assets.xcassets */; };
		401B855527B5CE1300A7CF71 /* LaunchScreen.storyboard in Resources */ = {isa = PBXBuildFile; fileRef = 401B855327B5CE1300A7CF71 /* LaunchScreen.storyboard */; };
		401B856027B5CE1300A7CF71 /* RickMortyTests.swift in Sources */ = {isa = PBXBuildFile; fileRef = 401B855F27B5CE1300A7CF71 /* RickMortyTests.swift */; };
		401B856A27B5CE1300A7CF71 /* RickMortyUITests.swift in Sources */ = {isa = PBXBuildFile; fileRef = 401B856927B5CE1300A7CF71 /* RickMortyUITests.swift */; };
		401B856C27B5CE1300A7CF71 /* RickMortyUITestsLaunchTests.swift in Sources */ = {isa = PBXBuildFile; fileRef = 401B856B27B5CE1300A7CF71 /* RickMortyUITestsLaunchTests.swift */; };
		4044399D27B5DF010085A481 /* Kingfisher in Frameworks */ = {isa = PBXBuildFile; productRef = 4044399C27B5DF010085A481 /* Kingfisher */; };
		404439A027B5DF220085A481 /* Alamofire in Frameworks */ = {isa = PBXBuildFile; productRef = 4044399F27B5DF220085A481 /* Alamofire */; };
		404439A527B5DF6E0085A481 /* CharacterServiceUsingAPI.swift in Sources */ = {isa = PBXBuildFile; fileRef = 404439A227B5DF6D0085A481 /* CharacterServiceUsingAPI.swift */; };
		404439A627B5DF6E0085A481 /* CharacterServiceUsingAPI.swift in Sources */ = {isa = PBXBuildFile; fileRef = 404439A227B5DF6D0085A481 /* CharacterServiceUsingAPI.swift */; };
		404439A927B5DF6E0085A481 /* CharacterServiceCoordinator.swift in Sources */ = {isa = PBXBuildFile; fileRef = 404439A427B5DF6E0085A481 /* CharacterServiceCoordinator.swift */; };
		404439AA27B5DF6E0085A481 /* CharacterServiceCoordinator.swift in Sources */ = {isa = PBXBuildFile; fileRef = 404439A427B5DF6E0085A481 /* CharacterServiceCoordinator.swift */; };
		404439B327B5DFD60085A481 /* UIViewController+Extensions.swift in Sources */ = {isa = PBXBuildFile; fileRef = 404439B227B5DFD60085A481 /* UIViewController+Extensions.swift */; };
		404439B427B5DFD60085A481 /* UIViewController+Extensions.swift in Sources */ = {isa = PBXBuildFile; fileRef = 404439B227B5DFD60085A481 /* UIViewController+Extensions.swift */; };
		404439B627B5DFDF0085A481 /* Constant.swift in Sources */ = {isa = PBXBuildFile; fileRef = 404439B527B5DFDF0085A481 /* Constant.swift */; };
		404439B727B5DFDF0085A481 /* Constant.swift in Sources */ = {isa = PBXBuildFile; fileRef = 404439B527B5DFDF0085A481 /* Constant.swift */; };
		404439BB27B5DFEA0085A481 /* RestAPIClient.swift in Sources */ = {isa = PBXBuildFile; fileRef = 404439B827B5DFE90085A481 /* RestAPIClient.swift */; };
		404439BC27B5DFEA0085A481 /* RestAPIClient.swift in Sources */ = {isa = PBXBuildFile; fileRef = 404439B827B5DFE90085A481 /* RestAPIClient.swift */; };
		404439BD27B5DFEA0085A481 /* NetworkRouter.swift in Sources */ = {isa = PBXBuildFile; fileRef = 404439B927B5DFE90085A481 /* NetworkRouter.swift */; };
		404439BE27B5DFEA0085A481 /* NetworkRouter.swift in Sources */ = {isa = PBXBuildFile; fileRef = 404439B927B5DFE90085A481 /* NetworkRouter.swift */; };
		404439BF27B5DFEA0085A481 /* NetworkError.swift in Sources */ = {isa = PBXBuildFile; fileRef = 404439BA27B5DFE90085A481 /* NetworkError.swift */; };
		404439C027B5DFEA0085A481 /* NetworkError.swift in Sources */ = {isa = PBXBuildFile; fileRef = 404439BA27B5DFE90085A481 /* NetworkError.swift */; };
		404439D527B5E0070085A481 /* CharacterTableViewCell.swift in Sources */ = {isa = PBXBuildFile; fileRef = 404439D327B5E0070085A481 /* CharacterTableViewCell.swift */; };
		404439D627B5E0070085A481 /* CharacterTableViewCell.swift in Sources */ = {isa = PBXBuildFile; fileRef = 404439D327B5E0070085A481 /* CharacterTableViewCell.swift */; };
		404439D727B5E0070085A481 /* SearchHistoryTableViewCell.swift in Sources */ = {isa = PBXBuildFile; fileRef = 404439D427B5E0070085A481 /* SearchHistoryTableViewCell.swift */; };
		404439D827B5E0070085A481 /* SearchHistoryTableViewCell.swift in Sources */ = {isa = PBXBuildFile; fileRef = 404439D427B5E0070085A481 /* SearchHistoryTableViewCell.swift */; };
		404439DD27B5E0370085A481 /* CharacterViewController.swift in Sources */ = {isa = PBXBuildFile; fileRef = 404439DA27B5E0370085A481 /* CharacterViewController.swift */; };
		404439DE27B5E0370085A481 /* CharacterViewController.swift in Sources */ = {isa = PBXBuildFile; fileRef = 404439DA27B5E0370085A481 /* CharacterViewController.swift */; };
		404439E827B5F9950085A481 /* ModelCharacterLocation.swift in Sources */ = {isa = PBXBuildFile; fileRef = 404439E327B5F9940085A481 /* ModelCharacterLocation.swift */; };
		404439E927B5F9950085A481 /* ModelCharacterLocation.swift in Sources */ = {isa = PBXBuildFile; fileRef = 404439E327B5F9940085A481 /* ModelCharacterLocation.swift */; };
		404439EA27B5F9950085A481 /* ModelCharacterBaseClass.swift in Sources */ = {isa = PBXBuildFile; fileRef = 404439E427B5F9940085A481 /* ModelCharacterBaseClass.swift */; };
		404439EB27B5F9950085A481 /* ModelCharacterBaseClass.swift in Sources */ = {isa = PBXBuildFile; fileRef = 404439E427B5F9940085A481 /* ModelCharacterBaseClass.swift */; };
		404439EC27B5F9950085A481 /* ModelCharacterInfo.swift in Sources */ = {isa = PBXBuildFile; fileRef = 404439E527B5F9950085A481 /* ModelCharacterInfo.swift */; };
		404439ED27B5F9950085A481 /* ModelCharacterInfo.swift in Sources */ = {isa = PBXBuildFile; fileRef = 404439E527B5F9950085A481 /* ModelCharacterInfo.swift */; };
		404439EE27B5F9950085A481 /* ModelCharacterResults.swift in Sources */ = {isa = PBXBuildFile; fileRef = 404439E627B5F9950085A481 /* ModelCharacterResults.swift */; };
		404439EF27B5F9950085A481 /* ModelCharacterResults.swift in Sources */ = {isa = PBXBuildFile; fileRef = 404439E627B5F9950085A481 /* ModelCharacterResults.swift */; };
		404439F027B5F9950085A481 /* ModelCharacterOrigin.swift in Sources */ = {isa = PBXBuildFile; fileRef = 404439E727B5F9950085A481 /* ModelCharacterOrigin.swift */; };
		404439F127B5F9950085A481 /* ModelCharacterOrigin.swift in Sources */ = {isa = PBXBuildFile; fileRef = 404439E727B5F9950085A481 /* ModelCharacterOrigin.swift */; };
		404439F327B6074C0085A481 /* Readme.rtf in Resources */ = {isa = PBXBuildFile; fileRef = 404439F227B6074C0085A481 /* Readme.rtf */; };
		404439F527B66F6B0085A481 /* CharacterDetailsViewController.swift in Sources */ = {isa = PBXBuildFile; fileRef = 404439F427B66F6B0085A481 /* CharacterDetailsViewController.swift */; };
		404439F627B66F6B0085A481 /* CharacterDetailsViewController.swift in Sources */ = {isa = PBXBuildFile; fileRef = 404439F427B66F6B0085A481 /* CharacterDetailsViewController.swift */; };
		404439FA27B673470085A481 /* CharacterDetailsServiceCoordinator.swift in Sources */ = {isa = PBXBuildFile; fileRef = 404439F927B673470085A481 /* CharacterDetailsServiceCoordinator.swift */; };
		404439FB27B673470085A481 /* CharacterDetailsServiceCoordinator.swift in Sources */ = {isa = PBXBuildFile; fileRef = 404439F927B673470085A481 /* CharacterDetailsServiceCoordinator.swift */; };
		404439FD27B6790A0085A481 /* CharacterDetailsServiceAPI.swift in Sources */ = {isa = PBXBuildFile; fileRef = 404439FC27B6790A0085A481 /* CharacterDetailsServiceAPI.swift */; };
		404439FE27B6790A0085A481 /* CharacterDetailsServiceAPI.swift in Sources */ = {isa = PBXBuildFile; fileRef = 404439FC27B6790A0085A481 /* CharacterDetailsServiceAPI.swift */; };
		40443A0427B67C350085A481 /* ModelCharacterDetailsBaseClass.swift in Sources */ = {isa = PBXBuildFile; fileRef = 40443A0127B67C340085A481 /* ModelCharacterDetailsBaseClass.swift */; };
		40443A0527B67C350085A481 /* ModelCharacterDetailsBaseClass.swift in Sources */ = {isa = PBXBuildFile; fileRef = 40443A0127B67C340085A481 /* ModelCharacterDetailsBaseClass.swift */; };
		40443A0627B67C350085A481 /* ModelCharacterDetailsLocation.swift in Sources */ = {isa = PBXBuildFile; fileRef = 40443A0227B67C350085A481 /* ModelCharacterDetailsLocation.swift */; };
		40443A0727B67C350085A481 /* ModelCharacterDetailsLocation.swift in Sources */ = {isa = PBXBuildFile; fileRef = 40443A0227B67C350085A481 /* ModelCharacterDetailsLocation.swift */; };
		40443A0827B67C350085A481 /* ModelCharacterDetailsOrigin.swift in Sources */ = {isa = PBXBuildFile; fileRef = 40443A0327B67C350085A481 /* ModelCharacterDetailsOrigin.swift */; };
		40443A0927B67C350085A481 /* ModelCharacterDetailsOrigin.swift in Sources */ = {isa = PBXBuildFile; fileRef = 40443A0327B67C350085A481 /* ModelCharacterDetailsOrigin.swift */; };
		40443A0F27B691F30085A481 /* Characters.json in Resources */ = {isa = PBXBuildFile; fileRef = 40443A0A27B691F30085A481 /* Characters.json */; };
		40443A1127B691F30085A481 /* MockCharactersData.swift in Sources */ = {isa = PBXBuildFile; fileRef = 40443A0B27B691F30085A481 /* MockCharactersData.swift */; };
		40443A1527B691F30085A481 /* MockCharactersAPITest.swift in Sources */ = {isa = PBXBuildFile; fileRef = 40443A0D27B691F30085A481 /* MockCharactersAPITest.swift */; };
		40443A1627B693330085A481 /* Characters.json in Resources */ = {isa = PBXBuildFile; fileRef = 40443A0A27B691F30085A481 /* Characters.json */; };
/* End PBXBuildFile section */

/* Begin PBXContainerItemProxy section */
		401B855C27B5CE1300A7CF71 /* PBXContainerItemProxy */ = {
			isa = PBXContainerItemProxy;
			containerPortal = 401B853D27B5CE1100A7CF71 /* Project object */;
			proxyType = 1;
			remoteGlobalIDString = 401B854427B5CE1100A7CF71;
			remoteInfo = RickMorty;
		};
		401B856627B5CE1300A7CF71 /* PBXContainerItemProxy */ = {
			isa = PBXContainerItemProxy;
			containerPortal = 401B853D27B5CE1100A7CF71 /* Project object */;
			proxyType = 1;
			remoteGlobalIDString = 401B854427B5CE1100A7CF71;
			remoteInfo = RickMorty;
		};
/* End PBXContainerItemProxy section */

/* Begin PBXFileReference section */
		401B854527B5CE1100A7CF71 /* RickMorty.app */ = {isa = PBXFileReference; explicitFileType = wrapper.application; includeInIndex = 0; path = RickMorty.app; sourceTree = BUILT_PRODUCTS_DIR; };
		401B854827B5CE1100A7CF71 /* AppDelegate.swift */ = {isa = PBXFileReference; lastKnownFileType = sourcecode.swift; path = AppDelegate.swift; sourceTree = "<group>"; };
		401B854A27B5CE1100A7CF71 /* SceneDelegate.swift */ = {isa = PBXFileReference; lastKnownFileType = sourcecode.swift; path = SceneDelegate.swift; sourceTree = "<group>"; };
		401B854F27B5CE1100A7CF71 /* Base */ = {isa = PBXFileReference; lastKnownFileType = file.storyboard; name = Base; path = Base.lproj/Main.storyboard; sourceTree = "<group>"; };
		401B855127B5CE1300A7CF71 /* Assets.xcassets */ = {isa = PBXFileReference; lastKnownFileType = folder.assetcatalog; path = Assets.xcassets; sourceTree = "<group>"; };
		401B855427B5CE1300A7CF71 /* Base */ = {isa = PBXFileReference; lastKnownFileType = file.storyboard; name = Base; path = Base.lproj/LaunchScreen.storyboard; sourceTree = "<group>"; };
		401B855627B5CE1300A7CF71 /* Info.plist */ = {isa = PBXFileReference; lastKnownFileType = text.plist.xml; path = Info.plist; sourceTree = "<group>"; };
		401B855B27B5CE1300A7CF71 /* RickMortyTests.xctest */ = {isa = PBXFileReference; explicitFileType = wrapper.cfbundle; includeInIndex = 0; path = RickMortyTests.xctest; sourceTree = BUILT_PRODUCTS_DIR; };
		401B855F27B5CE1300A7CF71 /* RickMortyTests.swift */ = {isa = PBXFileReference; lastKnownFileType = sourcecode.swift; path = RickMortyTests.swift; sourceTree = "<group>"; };
		401B856527B5CE1300A7CF71 /* RickMortyUITests.xctest */ = {isa = PBXFileReference; explicitFileType = wrapper.cfbundle; includeInIndex = 0; path = RickMortyUITests.xctest; sourceTree = BUILT_PRODUCTS_DIR; };
		401B856927B5CE1300A7CF71 /* RickMortyUITests.swift */ = {isa = PBXFileReference; lastKnownFileType = sourcecode.swift; path = RickMortyUITests.swift; sourceTree = "<group>"; };
		401B856B27B5CE1300A7CF71 /* RickMortyUITestsLaunchTests.swift */ = {isa = PBXFileReference; lastKnownFileType = sourcecode.swift; path = RickMortyUITestsLaunchTests.swift; sourceTree = "<group>"; };
		404439A227B5DF6D0085A481 /* CharacterServiceUsingAPI.swift */ = {isa = PBXFileReference; fileEncoding = 4; lastKnownFileType = sourcecode.swift; path = CharacterServiceUsingAPI.swift; sourceTree = "<group>"; };
		404439A427B5DF6E0085A481 /* CharacterServiceCoordinator.swift */ = {isa = PBXFileReference; fileEncoding = 4; lastKnownFileType = sourcecode.swift; path = CharacterServiceCoordinator.swift; sourceTree = "<group>"; };
		404439B227B5DFD60085A481 /* UIViewController+Extensions.swift */ = {isa = PBXFileReference; fileEncoding = 4; lastKnownFileType = sourcecode.swift; path = "UIViewController+Extensions.swift"; sourceTree = "<group>"; };
		404439B527B5DFDF0085A481 /* Constant.swift */ = {isa = PBXFileReference; fileEncoding = 4; lastKnownFileType = sourcecode.swift; path = Constant.swift; sourceTree = "<group>"; };
		404439B827B5DFE90085A481 /* RestAPIClient.swift */ = {isa = PBXFileReference; fileEncoding = 4; lastKnownFileType = sourcecode.swift; path = RestAPIClient.swift; sourceTree = "<group>"; };
		404439B927B5DFE90085A481 /* NetworkRouter.swift */ = {isa = PBXFileReference; fileEncoding = 4; lastKnownFileType = sourcecode.swift; path = NetworkRouter.swift; sourceTree = "<group>"; };
		404439BA27B5DFE90085A481 /* NetworkError.swift */ = {isa = PBXFileReference; fileEncoding = 4; lastKnownFileType = sourcecode.swift; path = NetworkError.swift; sourceTree = "<group>"; };
		404439D327B5E0070085A481 /* CharacterTableViewCell.swift */ = {isa = PBXFileReference; fileEncoding = 4; lastKnownFileType = sourcecode.swift; path = CharacterTableViewCell.swift; sourceTree = "<group>"; };
		404439D427B5E0070085A481 /* SearchHistoryTableViewCell.swift */ = {isa = PBXFileReference; fileEncoding = 4; lastKnownFileType = sourcecode.swift; path = SearchHistoryTableViewCell.swift; sourceTree = "<group>"; };
		404439DA27B5E0370085A481 /* CharacterViewController.swift */ = {isa = PBXFileReference; fileEncoding = 4; lastKnownFileType = sourcecode.swift; path = CharacterViewController.swift; sourceTree = "<group>"; };
		404439E327B5F9940085A481 /* ModelCharacterLocation.swift */ = {isa = PBXFileReference; fileEncoding = 4; lastKnownFileType = sourcecode.swift; path = ModelCharacterLocation.swift; sourceTree = "<group>"; };
		404439E427B5F9940085A481 /* ModelCharacterBaseClass.swift */ = {isa = PBXFileReference; fileEncoding = 4; lastKnownFileType = sourcecode.swift; path = ModelCharacterBaseClass.swift; sourceTree = "<group>"; };
		404439E527B5F9950085A481 /* ModelCharacterInfo.swift */ = {isa = PBXFileReference; fileEncoding = 4; lastKnownFileType = sourcecode.swift; path = ModelCharacterInfo.swift; sourceTree = "<group>"; };
		404439E627B5F9950085A481 /* ModelCharacterResults.swift */ = {isa = PBXFileReference; fileEncoding = 4; lastKnownFileType = sourcecode.swift; path = ModelCharacterResults.swift; sourceTree = "<group>"; };
		404439E727B5F9950085A481 /* ModelCharacterOrigin.swift */ = {isa = PBXFileReference; fileEncoding = 4; lastKnownFileType = sourcecode.swift; path = ModelCharacterOrigin.swift; sourceTree = "<group>"; };
		404439F227B6074C0085A481 /* Readme.rtf */ = {isa = PBXFileReference; fileEncoding = 4; lastKnownFileType = text.rtf; path = Readme.rtf; sourceTree = "<group>"; };
		404439F427B66F6B0085A481 /* CharacterDetailsViewController.swift */ = {isa = PBXFileReference; lastKnownFileType = sourcecode.swift; path = CharacterDetailsViewController.swift; sourceTree = "<group>"; };
		404439F927B673470085A481 /* CharacterDetailsServiceCoordinator.swift */ = {isa = PBXFileReference; lastKnownFileType = sourcecode.swift; path = CharacterDetailsServiceCoordinator.swift; sourceTree = "<group>"; };
		404439FC27B6790A0085A481 /* CharacterDetailsServiceAPI.swift */ = {isa = PBXFileReference; lastKnownFileType = sourcecode.swift; path = CharacterDetailsServiceAPI.swift; sourceTree = "<group>"; };
		40443A0127B67C340085A481 /* ModelCharacterDetailsBaseClass.swift */ = {isa = PBXFileReference; fileEncoding = 4; lastKnownFileType = sourcecode.swift; path = ModelCharacterDetailsBaseClass.swift; sourceTree = "<group>"; };
		40443A0227B67C350085A481 /* ModelCharacterDetailsLocation.swift */ = {isa = PBXFileReference; fileEncoding = 4; lastKnownFileType = sourcecode.swift; path = ModelCharacterDetailsLocation.swift; sourceTree = "<group>"; };
		40443A0327B67C350085A481 /* ModelCharacterDetailsOrigin.swift */ = {isa = PBXFileReference; fileEncoding = 4; lastKnownFileType = sourcecode.swift; path = ModelCharacterDetailsOrigin.swift; sourceTree = "<group>"; };
		40443A0A27B691F30085A481 /* Characters.json */ = {isa = PBXFileReference; fileEncoding = 4; lastKnownFileType = text.json; path = Characters.json; sourceTree = "<group>"; };
		40443A0B27B691F30085A481 /* MockCharactersData.swift */ = {isa = PBXFileReference; fileEncoding = 4; lastKnownFileType = sourcecode.swift; path = MockCharactersData.swift; sourceTree = "<group>"; };
		40443A0D27B691F30085A481 /* MockCharactersAPITest.swift */ = {isa = PBXFileReference; fileEncoding = 4; lastKnownFileType = sourcecode.swift; path = MockCharactersAPITest.swift; sourceTree = "<group>"; };
/* End PBXFileReference section */

/* Begin PBXFrameworksBuildPhase section */
		401B854227B5CE1100A7CF71 /* Frameworks */ = {
			isa = PBXFrameworksBuildPhase;
			buildActionMask = 2147483647;
			files = (
				4044399D27B5DF010085A481 /* Kingfisher in Frameworks */,
				404439A027B5DF220085A481 /* Alamofire in Frameworks */,
			);
			runOnlyForDeploymentPostprocessing = 0;
		};
		401B855827B5CE1300A7CF71 /* Frameworks */ = {
			isa = PBXFrameworksBuildPhase;
			buildActionMask = 2147483647;
			files = (
			);
			runOnlyForDeploymentPostprocessing = 0;
		};
		401B856227B5CE1300A7CF71 /* Frameworks */ = {
			isa = PBXFrameworksBuildPhase;
			buildActionMask = 2147483647;
			files = (
			);
			runOnlyForDeploymentPostprocessing = 0;
		};
/* End PBXFrameworksBuildPhase section */

/* Begin PBXGroup section */
		401B853C27B5CE1100A7CF71 = {
			isa = PBXGroup;
			children = (
				404439F227B6074C0085A481 /* Readme.rtf */,
				401B854727B5CE1100A7CF71 /* RickMorty */,
				401B855E27B5CE1300A7CF71 /* RickMortyTests */,
				401B856827B5CE1300A7CF71 /* RickMortyUITests */,
				401B854627B5CE1100A7CF71 /* Products */,
				DC870419D8F218B03E79986E /* Pods */,
			);
			sourceTree = "<group>";
		};
		401B854627B5CE1100A7CF71 /* Products */ = {
			isa = PBXGroup;
			children = (
				401B854527B5CE1100A7CF71 /* RickMorty.app */,
				401B855B27B5CE1300A7CF71 /* RickMortyTests.xctest */,
				401B856527B5CE1300A7CF71 /* RickMortyUITests.xctest */,
			);
			name = Products;
			sourceTree = "<group>";
		};
		401B854727B5CE1100A7CF71 /* RickMorty */ = {
			isa = PBXGroup;
			children = (
				404439B127B5DFBC0085A481 /* View Controllers */,
				404439B027B5DFB20085A481 /* TVCell */,
				404439AF27B5DF9D0085A481 /* Model */,
				404439AE27B5DF860085A481 /* Network */,
				404439AD27B5DF840085A481 /* Utility */,
				404439AC27B5DF820085A481 /* New Group */,
				404439AB27B5DF7B0085A481 /* Extensions */,
				404439A127B5DF570085A481 /* Services */,
				401B854827B5CE1100A7CF71 /* AppDelegate.swift */,
				401B854A27B5CE1100A7CF71 /* SceneDelegate.swift */,
				401B854E27B5CE1100A7CF71 /* Main.storyboard */,
				401B855127B5CE1300A7CF71 /* Assets.xcassets */,
				401B855327B5CE1300A7CF71 /* LaunchScreen.storyboard */,
				401B855627B5CE1300A7CF71 /* Info.plist */,
			);
			path = RickMorty;
			sourceTree = "<group>";
		};
		401B855E27B5CE1300A7CF71 /* RickMortyTests */ = {
			isa = PBXGroup;
			children = (
				40443A0B27B691F30085A481 /* MockCharactersData.swift */,
				40443A0D27B691F30085A481 /* MockCharactersAPITest.swift */,
				40443A0A27B691F30085A481 /* Characters.json */,
				401B855F27B5CE1300A7CF71 /* RickMortyTests.swift */,
			);
			path = RickMortyTests;
			sourceTree = "<group>";
		};
		401B856827B5CE1300A7CF71 /* RickMortyUITests */ = {
			isa = PBXGroup;
			children = (
				401B856927B5CE1300A7CF71 /* RickMortyUITests.swift */,
				401B856B27B5CE1300A7CF71 /* RickMortyUITestsLaunchTests.swift */,
			);
			path = RickMortyUITests;
			sourceTree = "<group>";
		};
		404439A127B5DF570085A481 /* Services */ = {
			isa = PBXGroup;
			children = (
				404439F827B672530085A481 /* Character */,
				404439F727B672430085A481 /* Character Detials */,
			);
			path = Services;
			sourceTree = "<group>";
		};
		404439AB27B5DF7B0085A481 /* Extensions */ = {
			isa = PBXGroup;
			children = (
				404439B227B5DFD60085A481 /* UIViewController+Extensions.swift */,
			);
			path = Extensions;
			sourceTree = "<group>";
		};
		404439AC27B5DF820085A481 /* New Group */ = {
			isa = PBXGroup;
			children = (
			);
			path = "New Group";
			sourceTree = "<group>";
		};
		404439AD27B5DF840085A481 /* Utility */ = {
			isa = PBXGroup;
			children = (
				404439B527B5DFDF0085A481 /* Constant.swift */,
			);
			path = Utility;
			sourceTree = "<group>";
		};
		404439AE27B5DF860085A481 /* Network */ = {
			isa = PBXGroup;
			children = (
				404439BA27B5DFE90085A481 /* NetworkError.swift */,
				404439B927B5DFE90085A481 /* NetworkRouter.swift */,
				404439B827B5DFE90085A481 /* RestAPIClient.swift */,
			);
			path = Network;
			sourceTree = "<group>";
		};
		404439AF27B5DF9D0085A481 /* Model */ = {
			isa = PBXGroup;
			children = (
				40443A0027B67AC50085A481 /* Character Details */,
				404439FF27B67A930085A481 /* Characters */,
			);
			path = Model;
			sourceTree = "<group>";
		};
		404439B027B5DFB20085A481 /* TVCell */ = {
			isa = PBXGroup;
			children = (
				404439D327B5E0070085A481 /* CharacterTableViewCell.swift */,
				404439D427B5E0070085A481 /* SearchHistoryTableViewCell.swift */,
			);
			path = TVCell;
			sourceTree = "<group>";
		};
		404439B127B5DFBC0085A481 /* View Controllers */ = {
			isa = PBXGroup;
			children = (
				404439DA27B5E0370085A481 /* CharacterViewController.swift */,
				404439F427B66F6B0085A481 /* CharacterDetailsViewController.swift */,
			);
			path = "View Controllers";
			sourceTree = "<group>";
		};
		404439F727B672430085A481 /* Character Detials */ = {
			isa = PBXGroup;
			children = (
				404439F927B673470085A481 /* CharacterDetailsServiceCoordinator.swift */,
				404439FC27B6790A0085A481 /* CharacterDetailsServiceAPI.swift */,
			);
			path = "Character Detials";
			sourceTree = "<group>";
		};
		404439F827B672530085A481 /* Character */ = {
			isa = PBXGroup;
			children = (
				404439A427B5DF6E0085A481 /* CharacterServiceCoordinator.swift */,
				404439A227B5DF6D0085A481 /* CharacterServiceUsingAPI.swift */,
			);
			path = Character;
			sourceTree = "<group>";
		};
		404439FF27B67A930085A481 /* Characters */ = {
			isa = PBXGroup;
			children = (
				404439E427B5F9940085A481 /* ModelCharacterBaseClass.swift */,
				404439E527B5F9950085A481 /* ModelCharacterInfo.swift */,
				404439E327B5F9940085A481 /* ModelCharacterLocation.swift */,
				404439E727B5F9950085A481 /* ModelCharacterOrigin.swift */,
				404439E627B5F9950085A481 /* ModelCharacterResults.swift */,
			);
			path = Characters;
			sourceTree = "<group>";
		};
		40443A0027B67AC50085A481 /* Character Details */ = {
			isa = PBXGroup;
			children = (
				40443A0127B67C340085A481 /* ModelCharacterDetailsBaseClass.swift */,
				40443A0227B67C350085A481 /* ModelCharacterDetailsLocation.swift */,
				40443A0327B67C350085A481 /* ModelCharacterDetailsOrigin.swift */,
			);
			path = "Character Details";
			sourceTree = "<group>";
		};
		DC870419D8F218B03E79986E /* Pods */ = {
			isa = PBXGroup;
			children = (
			);
			path = Pods;
			sourceTree = "<group>";
		};
/* End PBXGroup section */

/* Begin PBXNativeTarget section */
		401B854427B5CE1100A7CF71 /* RickMorty */ = {
			isa = PBXNativeTarget;
			buildConfigurationList = 401B856F27B5CE1300A7CF71 /* Build configuration list for PBXNativeTarget "RickMorty" */;
			buildPhases = (
				401B854127B5CE1100A7CF71 /* Sources */,
				401B854227B5CE1100A7CF71 /* Frameworks */,
				401B854327B5CE1100A7CF71 /* Resources */,
			);
			buildRules = (
			);
			dependencies = (
			);
			name = RickMorty;
			packageProductDependencies = (
				4044399C27B5DF010085A481 /* Kingfisher */,
				4044399F27B5DF220085A481 /* Alamofire */,
			);
			productName = RickMorty;
			productReference = 401B854527B5CE1100A7CF71 /* RickMorty.app */;
			productType = "com.apple.product-type.application";
		};
		401B855A27B5CE1300A7CF71 /* RickMortyTests */ = {
			isa = PBXNativeTarget;
			buildConfigurationList = 401B857227B5CE1300A7CF71 /* Build configuration list for PBXNativeTarget "RickMortyTests" */;
			buildPhases = (
				401B855727B5CE1300A7CF71 /* Sources */,
				401B855827B5CE1300A7CF71 /* Frameworks */,
				401B855927B5CE1300A7CF71 /* Resources */,
			);
			buildRules = (
			);
			dependencies = (
				401B855D27B5CE1300A7CF71 /* PBXTargetDependency */,
			);
			name = RickMortyTests;
			productName = RickMortyTests;
			productReference = 401B855B27B5CE1300A7CF71 /* RickMortyTests.xctest */;
			productType = "com.apple.product-type.bundle.unit-test";
		};
		401B856427B5CE1300A7CF71 /* RickMortyUITests */ = {
			isa = PBXNativeTarget;
			buildConfigurationList = 401B857527B5CE1300A7CF71 /* Build configuration list for PBXNativeTarget "RickMortyUITests" */;
			buildPhases = (
				401B856127B5CE1300A7CF71 /* Sources */,
				401B856227B5CE1300A7CF71 /* Frameworks */,
				401B856327B5CE1300A7CF71 /* Resources */,
			);
			buildRules = (
			);
			dependencies = (
				401B856727B5CE1300A7CF71 /* PBXTargetDependency */,
			);
			name = RickMortyUITests;
			productName = RickMortyUITests;
			productReference = 401B856527B5CE1300A7CF71 /* RickMortyUITests.xctest */;
			productType = "com.apple.product-type.bundle.ui-testing";
		};
/* End PBXNativeTarget section */

/* Begin PBXProject section */
		401B853D27B5CE1100A7CF71 /* Project object */ = {
			isa = PBXProject;
			attributes = {
				BuildIndependentTargetsInParallel = 1;
				LastSwiftUpdateCheck = 1300;
				LastUpgradeCheck = 1300;
				TargetAttributes = {
					401B854427B5CE1100A7CF71 = {
						CreatedOnToolsVersion = 13.0;
					};
					401B855A27B5CE1300A7CF71 = {
						CreatedOnToolsVersion = 13.0;
						TestTargetID = 401B854427B5CE1100A7CF71;
					};
					401B856427B5CE1300A7CF71 = {
						CreatedOnToolsVersion = 13.0;
						TestTargetID = 401B854427B5CE1100A7CF71;
					};
				};
			};
			buildConfigurationList = 401B854027B5CE1100A7CF71 /* Build configuration list for PBXProject "RickMorty" */;
			compatibilityVersion = "Xcode 13.0";
			developmentRegion = en;
			hasScannedForEncodings = 0;
			knownRegions = (
				en,
				Base,
			);
			mainGroup = 401B853C27B5CE1100A7CF71;
			packageReferences = (
				4044399B27B5DF010085A481 /* XCRemoteSwiftPackageReference "Kingfisher" */,
				4044399E27B5DF220085A481 /* XCRemoteSwiftPackageReference "Alamofire" */,
			);
			productRefGroup = 401B854627B5CE1100A7CF71 /* Products */;
			projectDirPath = "";
			projectRoot = "";
			targets = (
				401B854427B5CE1100A7CF71 /* RickMorty */,
				401B855A27B5CE1300A7CF71 /* RickMortyTests */,
				401B856427B5CE1300A7CF71 /* RickMortyUITests */,
			);
		};
/* End PBXProject section */

/* Begin PBXResourcesBuildPhase section */
		401B854327B5CE1100A7CF71 /* Resources */ = {
			isa = PBXResourcesBuildPhase;
			buildActionMask = 2147483647;
			files = (
				40443A1627B693330085A481 /* Characters.json in Resources */,
				401B855527B5CE1300A7CF71 /* LaunchScreen.storyboard in Resources */,
				401B855227B5CE1300A7CF71 /* Assets.xcassets in Resources */,
				404439F327B6074C0085A481 /* Readme.rtf in Resources */,
				401B855027B5CE1100A7CF71 /* Main.storyboard in Resources */,
			);
			runOnlyForDeploymentPostprocessing = 0;
		};
		401B855927B5CE1300A7CF71 /* Resources */ = {
			isa = PBXResourcesBuildPhase;
			buildActionMask = 2147483647;
			files = (
				40443A0F27B691F30085A481 /* Characters.json in Resources */,
			);
			runOnlyForDeploymentPostprocessing = 0;
		};
		401B856327B5CE1300A7CF71 /* Resources */ = {
			isa = PBXResourcesBuildPhase;
			buildActionMask = 2147483647;
			files = (
			);
			runOnlyForDeploymentPostprocessing = 0;
		};
/* End PBXResourcesBuildPhase section */

/* Begin PBXSourcesBuildPhase section */
		401B854127B5CE1100A7CF71 /* Sources */ = {
			isa = PBXSourcesBuildPhase;
			buildActionMask = 2147483647;
			files = (
				404439BB27B5DFEA0085A481 /* RestAPIClient.swift in Sources */,
				404439F027B5F9950085A481 /* ModelCharacterOrigin.swift in Sources */,
				40443A0427B67C350085A481 /* ModelCharacterDetailsBaseClass.swift in Sources */,
				404439A527B5DF6E0085A481 /* CharacterServiceUsingAPI.swift in Sources */,
				401B854927B5CE1100A7CF71 /* AppDelegate.swift in Sources */,
				404439FA27B673470085A481 /* CharacterDetailsServiceCoordinator.swift in Sources */,
				404439B627B5DFDF0085A481 /* Constant.swift in Sources */,
				404439B327B5DFD60085A481 /* UIViewController+Extensions.swift in Sources */,
				404439FD27B6790A0085A481 /* CharacterDetailsServiceAPI.swift in Sources */,
				404439EE27B5F9950085A481 /* ModelCharacterResults.swift in Sources */,
				404439BD27B5DFEA0085A481 /* NetworkRouter.swift in Sources */,
				404439EC27B5F9950085A481 /* ModelCharacterInfo.swift in Sources */,
				401B854B27B5CE1100A7CF71 /* SceneDelegate.swift in Sources */,
				404439E827B5F9950085A481 /* ModelCharacterLocation.swift in Sources */,
				40443A0627B67C350085A481 /* ModelCharacterDetailsLocation.swift in Sources */,
				404439D527B5E0070085A481 /* CharacterTableViewCell.swift in Sources */,
				40443A0827B67C350085A481 /* ModelCharacterDetailsOrigin.swift in Sources */,
				404439D727B5E0070085A481 /* SearchHistoryTableViewCell.swift in Sources */,
				404439EA27B5F9950085A481 /* ModelCharacterBaseClass.swift in Sources */,
				404439DD27B5E0370085A481 /* CharacterViewController.swift in Sources */,
				404439BF27B5DFEA0085A481 /* NetworkError.swift in Sources */,
				404439A927B5DF6E0085A481 /* CharacterServiceCoordinator.swift in Sources */,
				404439F527B66F6B0085A481 /* CharacterDetailsViewController.swift in Sources */,
			);
			runOnlyForDeploymentPostprocessing = 0;
		};
		401B855727B5CE1300A7CF71 /* Sources */ = {
			isa = PBXSourcesBuildPhase;
			buildActionMask = 2147483647;
			files = (
				404439D627B5E0070085A481 /* CharacterTableViewCell.swift in Sources */,
				40443A0727B67C350085A481 /* ModelCharacterDetailsLocation.swift in Sources */,
				404439FB27B673470085A481 /* CharacterDetailsServiceCoordinator.swift in Sources */,
				404439DE27B5E0370085A481 /* CharacterViewController.swift in Sources */,
				404439ED27B5F9950085A481 /* ModelCharacterInfo.swift in Sources */,
				404439BC27B5DFEA0085A481 /* RestAPIClient.swift in Sources */,
				404439F127B5F9950085A481 /* ModelCharacterOrigin.swift in Sources */,
				404439BE27B5DFEA0085A481 /* NetworkRouter.swift in Sources */,
				404439FE27B6790A0085A481 /* CharacterDetailsServiceAPI.swift in Sources */,
				404439EB27B5F9950085A481 /* ModelCharacterBaseClass.swift in Sources */,
				40443A0527B67C350085A481 /* ModelCharacterDetailsBaseClass.swift in Sources */,
				404439A627B5DF6E0085A481 /* CharacterServiceUsingAPI.swift in Sources */,
				404439F627B66F6B0085A481 /* CharacterDetailsViewController.swift in Sources */,
				401B856027B5CE1300A7CF71 /* RickMortyTests.swift in Sources */,
				404439E927B5F9950085A481 /* ModelCharacterLocation.swift in Sources */,
				404439EF27B5F9950085A481 /* ModelCharacterResults.swift in Sources */,
				404439B427B5DFD60085A481 /* UIViewController+Extensions.swift in Sources */,
				40443A0927B67C350085A481 /* ModelCharacterDetailsOrigin.swift in Sources */,
				404439C027B5DFEA0085A481 /* NetworkError.swift in Sources */,
				404439AA27B5DF6E0085A481 /* CharacterServiceCoordinator.swift in Sources */,
				40443A1127B691F30085A481 /* MockCharactersData.swift in Sources */,
				404439D827B5E0070085A481 /* SearchHistoryTableViewCell.swift in Sources */,
				404439B727B5DFDF0085A481 /* Constant.swift in Sources */,
				40443A1527B691F30085A481 /* MockCharactersAPITest.swift in Sources */,
			);
			runOnlyForDeploymentPostprocessing = 0;
		};
		401B856127B5CE1300A7CF71 /* Sources */ = {
			isa = PBXSourcesBuildPhase;
			buildActionMask = 2147483647;
			files = (
				401B856A27B5CE1300A7CF71 /* RickMortyUITests.swift in Sources */,
				401B856C27B5CE1300A7CF71 /* RickMortyUITestsLaunchTests.swift in Sources */,
			);
			runOnlyForDeploymentPostprocessing = 0;
		};
/* End PBXSourcesBuildPhase section */

/* Begin PBXTargetDependency section */
		401B855D27B5CE1300A7CF71 /* PBXTargetDependency */ = {
			isa = PBXTargetDependency;
			target = 401B854427B5CE1100A7CF71 /* RickMorty */;
			targetProxy = 401B855C27B5CE1300A7CF71 /* PBXContainerItemProxy */;
		};
		401B856727B5CE1300A7CF71 /* PBXTargetDependency */ = {
			isa = PBXTargetDependency;
			target = 401B854427B5CE1100A7CF71 /* RickMorty */;
			targetProxy = 401B856627B5CE1300A7CF71 /* PBXContainerItemProxy */;
		};
/* End PBXTargetDependency section */

/* Begin PBXVariantGroup section */
		401B854E27B5CE1100A7CF71 /* Main.storyboard */ = {
			isa = PBXVariantGroup;
			children = (
				401B854F27B5CE1100A7CF71 /* Base */,
			);
			name = Main.storyboard;
			sourceTree = "<group>";
		};
		401B855327B5CE1300A7CF71 /* LaunchScreen.storyboard */ = {
			isa = PBXVariantGroup;
			children = (
				401B855427B5CE1300A7CF71 /* Base */,
			);
			name = LaunchScreen.storyboard;
			sourceTree = "<group>";
		};
/* End PBXVariantGroup section */

/* Begin XCBuildConfiguration section */
		401B856D27B5CE1300A7CF71 /* Debug */ = {
			isa = XCBuildConfiguration;
			buildSettings = {
				ALWAYS_SEARCH_USER_PATHS = NO;
				CLANG_ANALYZER_NONNULL = YES;
				CLANG_ANALYZER_NUMBER_OBJECT_CONVERSION = YES_AGGRESSIVE;
				CLANG_CXX_LANGUAGE_STANDARD = "gnu++17";
				CLANG_CXX_LIBRARY = "libc++";
				CLANG_ENABLE_MODULES = YES;
				CLANG_ENABLE_OBJC_ARC = YES;
				CLANG_ENABLE_OBJC_WEAK = YES;
				CLANG_WARN_BLOCK_CAPTURE_AUTORELEASING = YES;
				CLANG_WARN_BOOL_CONVERSION = YES;
				CLANG_WARN_COMMA = YES;
				CLANG_WARN_CONSTANT_CONVERSION = YES;
				CLANG_WARN_DEPRECATED_OBJC_IMPLEMENTATIONS = YES;
				CLANG_WARN_DIRECT_OBJC_ISA_USAGE = YES_ERROR;
				CLANG_WARN_DOCUMENTATION_COMMENTS = YES;
				CLANG_WARN_EMPTY_BODY = YES;
				CLANG_WARN_ENUM_CONVERSION = YES;
				CLANG_WARN_INFINITE_RECURSION = YES;
				CLANG_WARN_INT_CONVERSION = YES;
				CLANG_WARN_NON_LITERAL_NULL_CONVERSION = YES;
				CLANG_WARN_OBJC_IMPLICIT_RETAIN_SELF = YES;
				CLANG_WARN_OBJC_LITERAL_CONVERSION = YES;
				CLANG_WARN_OBJC_ROOT_CLASS = YES_ERROR;
				CLANG_WARN_QUOTED_INCLUDE_IN_FRAMEWORK_HEADER = YES;
				CLANG_WARN_RANGE_LOOP_ANALYSIS = YES;
				CLANG_WARN_STRICT_PROTOTYPES = YES;
				CLANG_WARN_SUSPICIOUS_MOVE = YES;
				CLANG_WARN_UNGUARDED_AVAILABILITY = YES_AGGRESSIVE;
				CLANG_WARN_UNREACHABLE_CODE = YES;
				CLANG_WARN__DUPLICATE_METHOD_MATCH = YES;
				COPY_PHASE_STRIP = NO;
				DEBUG_INFORMATION_FORMAT = dwarf;
				ENABLE_STRICT_OBJC_MSGSEND = YES;
				ENABLE_TESTABILITY = YES;
				GCC_C_LANGUAGE_STANDARD = gnu11;
				GCC_DYNAMIC_NO_PIC = NO;
				GCC_NO_COMMON_BLOCKS = YES;
				GCC_OPTIMIZATION_LEVEL = 0;
				GCC_PREPROCESSOR_DEFINITIONS = (
					"DEBUG=1",
					"$(inherited)",
				);
				GCC_WARN_64_TO_32_BIT_CONVERSION = YES;
				GCC_WARN_ABOUT_RETURN_TYPE = YES_ERROR;
				GCC_WARN_UNDECLARED_SELECTOR = YES;
				GCC_WARN_UNINITIALIZED_AUTOS = YES_AGGRESSIVE;
				GCC_WARN_UNUSED_FUNCTION = YES;
				GCC_WARN_UNUSED_VARIABLE = YES;
				IPHONEOS_DEPLOYMENT_TARGET = 15.0;
				MTL_ENABLE_DEBUG_INFO = INCLUDE_SOURCE;
				MTL_FAST_MATH = YES;
				ONLY_ACTIVE_ARCH = YES;
				SDKROOT = iphoneos;
				SWIFT_ACTIVE_COMPILATION_CONDITIONS = DEBUG;
				SWIFT_OPTIMIZATION_LEVEL = "-Onone";
			};
			name = Debug;
		};
		401B856E27B5CE1300A7CF71 /* Release */ = {
			isa = XCBuildConfiguration;
			buildSettings = {
				ALWAYS_SEARCH_USER_PATHS = NO;
				CLANG_ANALYZER_NONNULL = YES;
				CLANG_ANALYZER_NUMBER_OBJECT_CONVERSION = YES_AGGRESSIVE;
				CLANG_CXX_LANGUAGE_STANDARD = "gnu++17";
				CLANG_CXX_LIBRARY = "libc++";
				CLANG_ENABLE_MODULES = YES;
				CLANG_ENABLE_OBJC_ARC = YES;
				CLANG_ENABLE_OBJC_WEAK = YES;
				CLANG_WARN_BLOCK_CAPTURE_AUTORELEASING = YES;
				CLANG_WARN_BOOL_CONVERSION = YES;
				CLANG_WARN_COMMA = YES;
				CLANG_WARN_CONSTANT_CONVERSION = YES;
				CLANG_WARN_DEPRECATED_OBJC_IMPLEMENTATIONS = YES;
				CLANG_WARN_DIRECT_OBJC_ISA_USAGE = YES_ERROR;
				CLANG_WARN_DOCUMENTATION_COMMENTS = YES;
				CLANG_WARN_EMPTY_BODY = YES;
				CLANG_WARN_ENUM_CONVERSION = YES;
				CLANG_WARN_INFINITE_RECURSION = YES;
				CLANG_WARN_INT_CONVERSION = YES;
				CLANG_WARN_NON_LITERAL_NULL_CONVERSION = YES;
				CLANG_WARN_OBJC_IMPLICIT_RETAIN_SELF = YES;
				CLANG_WARN_OBJC_LITERAL_CONVERSION = YES;
				CLANG_WARN_OBJC_ROOT_CLASS = YES_ERROR;
				CLANG_WARN_QUOTED_INCLUDE_IN_FRAMEWORK_HEADER = YES;
				CLANG_WARN_RANGE_LOOP_ANALYSIS = YES;
				CLANG_WARN_STRICT_PROTOTYPES = YES;
				CLANG_WARN_SUSPICIOUS_MOVE = YES;
				CLANG_WARN_UNGUARDED_AVAILABILITY = YES_AGGRESSIVE;
				CLANG_WARN_UNREACHABLE_CODE = YES;
				CLANG_WARN__DUPLICATE_METHOD_MATCH = YES;
				COPY_PHASE_STRIP = NO;
				DEBUG_INFORMATION_FORMAT = "dwarf-with-dsym";
				ENABLE_NS_ASSERTIONS = NO;
				ENABLE_STRICT_OBJC_MSGSEND = YES;
				GCC_C_LANGUAGE_STANDARD = gnu11;
				GCC_NO_COMMON_BLOCKS = YES;
				GCC_WARN_64_TO_32_BIT_CONVERSION = YES;
				GCC_WARN_ABOUT_RETURN_TYPE = YES_ERROR;
				GCC_WARN_UNDECLARED_SELECTOR = YES;
				GCC_WARN_UNINITIALIZED_AUTOS = YES_AGGRESSIVE;
				GCC_WARN_UNUSED_FUNCTION = YES;
				GCC_WARN_UNUSED_VARIABLE = YES;
				IPHONEOS_DEPLOYMENT_TARGET = 15.0;
				MTL_ENABLE_DEBUG_INFO = NO;
				MTL_FAST_MATH = YES;
				SDKROOT = iphoneos;
				SWIFT_COMPILATION_MODE = wholemodule;
				SWIFT_OPTIMIZATION_LEVEL = "-O";
				VALIDATE_PRODUCT = YES;
			};
			name = Release;
		};
		401B857027B5CE1300A7CF71 /* Debug */ = {
			isa = XCBuildConfiguration;
			buildSettings = {
				ASSETCATALOG_COMPILER_APPICON_NAME = AppIcon;
				ASSETCATALOG_COMPILER_GLOBAL_ACCENT_COLOR_NAME = AccentColor;
				CODE_SIGN_STYLE = Automatic;
				CURRENT_PROJECT_VERSION = 1;
				GENERATE_INFOPLIST_FILE = YES;
				INFOPLIST_FILE = RickMorty/Info.plist;
				INFOPLIST_KEY_CFBundleDisplayName = "Ricky Morty";
				INFOPLIST_KEY_UIApplicationSupportsIndirectInputEvents = YES;
				INFOPLIST_KEY_UILaunchStoryboardName = LaunchScreen;
				INFOPLIST_KEY_UIMainStoryboardFile = Main;
				INFOPLIST_KEY_UISupportedInterfaceOrientations_iPad = "UIInterfaceOrientationPortrait UIInterfaceOrientationPortraitUpsideDown UIInterfaceOrientationLandscapeLeft UIInterfaceOrientationLandscapeRight";
				INFOPLIST_KEY_UISupportedInterfaceOrientations_iPhone = "UIInterfaceOrientationPortrait UIInterfaceOrientationLandscapeLeft UIInterfaceOrientationLandscapeRight";
				LD_RUNPATH_SEARCH_PATHS = (
					"$(inherited)",
					"@executable_path/Frameworks",
				);
				MARKETING_VERSION = 1.0.0;
				PRODUCT_BUNDLE_IDENTIFIER = Datta.Shourob.RickMorty;
				PRODUCT_NAME = "$(TARGET_NAME)";
				SWIFT_EMIT_LOC_STRINGS = YES;
				SWIFT_VERSION = 5.0;
				TARGETED_DEVICE_FAMILY = "1,2";
			};
			name = Debug;
		};
		401B857127B5CE1300A7CF71 /* Release */ = {
			isa = XCBuildConfiguration;
			buildSettings = {
				ASSETCATALOG_COMPILER_APPICON_NAME = AppIcon;
				ASSETCATALOG_COMPILER_GLOBAL_ACCENT_COLOR_NAME = AccentColor;
				CODE_SIGN_STYLE = Automatic;
				CURRENT_PROJECT_VERSION = 1;
				GENERATE_INFOPLIST_FILE = YES;
				INFOPLIST_FILE = RickMorty/Info.plist;
				INFOPLIST_KEY_CFBundleDisplayName = "Ricky Morty";
				INFOPLIST_KEY_UIApplicationSupportsIndirectInputEvents = YES;
				INFOPLIST_KEY_UILaunchStoryboardName = LaunchScreen;
				INFOPLIST_KEY_UIMainStoryboardFile = Main;
				INFOPLIST_KEY_UISupportedInterfaceOrientations_iPad = "UIInterfaceOrientationPortrait UIInterfaceOrientationPortraitUpsideDown UIInterfaceOrientationLandscapeLeft UIInterfaceOrientationLandscapeRight";
				INFOPLIST_KEY_UISupportedInterfaceOrientations_iPhone = "UIInterfaceOrientationPortrait UIInterfaceOrientationLandscapeLeft UIInterfaceOrientationLandscapeRight";
				LD_RUNPATH_SEARCH_PATHS = (
					"$(inherited)",
					"@executable_path/Frameworks",
				);
				MARKETING_VERSION = 1.0.0;
				PRODUCT_BUNDLE_IDENTIFIER = Datta.Shourob.RickMorty;
				PRODUCT_NAME = "$(TARGET_NAME)";
				SWIFT_EMIT_LOC_STRINGS = YES;
				SWIFT_VERSION = 5.0;
				TARGETED_DEVICE_FAMILY = "1,2";
			};
			name = Release;
		};
		401B857327B5CE1300A7CF71 /* Debug */ = {
			isa = XCBuildConfiguration;
			buildSettings = {
				ALWAYS_EMBED_SWIFT_STANDARD_LIBRARIES = YES;
				BUNDLE_LOADER = "$(TEST_HOST)";
				CODE_SIGN_STYLE = Automatic;
				CURRENT_PROJECT_VERSION = 1;
				GENERATE_INFOPLIST_FILE = YES;
				IPHONEOS_DEPLOYMENT_TARGET = 15.0;
				LD_RUNPATH_SEARCH_PATHS = (
					"$(inherited)",
					"@executable_path/Frameworks",
					"@loader_path/Frameworks",
				);
				MARKETING_VERSION = 1.0;
				PRODUCT_BUNDLE_IDENTIFIER = Datta.Shourob.RickMortyTests;
				PRODUCT_NAME = "$(TARGET_NAME)";
				SWIFT_EMIT_LOC_STRINGS = NO;
				SWIFT_VERSION = 5.0;
				TARGETED_DEVICE_FAMILY = "1,2";
				TEST_HOST = "$(BUILT_PRODUCTS_DIR)/RickMorty.app/RickMorty";
			};
			name = Debug;
		};
		401B857427B5CE1300A7CF71 /* Release */ = {
			isa = XCBuildConfiguration;
			buildSettings = {
				ALWAYS_EMBED_SWIFT_STANDARD_LIBRARIES = YES;
				BUNDLE_LOADER = "$(TEST_HOST)";
				CODE_SIGN_STYLE = Automatic;
				CURRENT_PROJECT_VERSION = 1;
				GENERATE_INFOPLIST_FILE = YES;
				IPHONEOS_DEPLOYMENT_TARGET = 15.0;
				LD_RUNPATH_SEARCH_PATHS = (
					"$(inherited)",
					"@executable_path/Frameworks",
					"@loader_path/Frameworks",
				);
				MARKETING_VERSION = 1.0;
				PRODUCT_BUNDLE_IDENTIFIER = Datta.Shourob.RickMortyTests;
				PRODUCT_NAME = "$(TARGET_NAME)";
				SWIFT_EMIT_LOC_STRINGS = NO;
				SWIFT_VERSION = 5.0;
				TARGETED_DEVICE_FAMILY = "1,2";
				TEST_HOST = "$(BUILT_PRODUCTS_DIR)/RickMorty.app/RickMorty";
			};
			name = Release;
		};
		401B857627B5CE1300A7CF71 /* Debug */ = {
			isa = XCBuildConfiguration;
			buildSettings = {
				ALWAYS_EMBED_SWIFT_STANDARD_LIBRARIES = YES;
				CODE_SIGN_STYLE = Automatic;
				CURRENT_PROJECT_VERSION = 1;
				GENERATE_INFOPLIST_FILE = YES;
				LD_RUNPATH_SEARCH_PATHS = (
					"$(inherited)",
					"@executable_path/Frameworks",
					"@loader_path/Frameworks",
				);
				MARKETING_VERSION = 1.0;
				PRODUCT_BUNDLE_IDENTIFIER = Datta.Shourob.RickMortyUITests;
				PRODUCT_NAME = "$(TARGET_NAME)";
				SWIFT_EMIT_LOC_STRINGS = NO;
				SWIFT_VERSION = 5.0;
				TARGETED_DEVICE_FAMILY = "1,2";
				TEST_TARGET_NAME = RickMorty;
			};
			name = Debug;
		};
		401B857727B5CE1300A7CF71 /* Release */ = {
			isa = XCBuildConfiguration;
			buildSettings = {
				ALWAYS_EMBED_SWIFT_STANDARD_LIBRARIES = YES;
				CODE_SIGN_STYLE = Automatic;
				CURRENT_PROJECT_VERSION = 1;
				GENERATE_INFOPLIST_FILE = YES;
				LD_RUNPATH_SEARCH_PATHS = (
					"$(inherited)",
					"@executable_path/Frameworks",
					"@loader_path/Frameworks",
				);
				MARKETING_VERSION = 1.0;
				PRODUCT_BUNDLE_IDENTIFIER = Datta.Shourob.RickMortyUITests;
				PRODUCT_NAME = "$(TARGET_NAME)";
				SWIFT_EMIT_LOC_STRINGS = NO;
				SWIFT_VERSION = 5.0;
				TARGETED_DEVICE_FAMILY = "1,2";
				TEST_TARGET_NAME = RickMorty;
			};
			name = Release;
		};
/* End XCBuildConfiguration section */

/* Begin XCConfigurationList section */
		401B854027B5CE1100A7CF71 /* Build configuration list for PBXProject "RickMorty" */ = {
			isa = XCConfigurationList;
			buildConfigurations = (
				401B856D27B5CE1300A7CF71 /* Debug */,
				401B856E27B5CE1300A7CF71 /* Release */,
			);
			defaultConfigurationIsVisible = 0;
			defaultConfigurationName = Release;
		};
		401B856F27B5CE1300A7CF71 /* Build configuration list for PBXNativeTarget "RickMorty" */ = {
			isa = XCConfigurationList;
			buildConfigurations = (
				401B857027B5CE1300A7CF71 /* Debug */,
				401B857127B5CE1300A7CF71 /* Release */,
			);
			defaultConfigurationIsVisible = 0;
			defaultConfigurationName = Release;
		};
		401B857227B5CE1300A7CF71 /* Build configuration list for PBXNativeTarget "RickMortyTests" */ = {
			isa = XCConfigurationList;
			buildConfigurations = (
				401B857327B5CE1300A7CF71 /* Debug */,
				401B857427B5CE1300A7CF71 /* Release */,
			);
			defaultConfigurationIsVisible = 0;
			defaultConfigurationName = Release;
		};
		401B857527B5CE1300A7CF71 /* Build configuration list for PBXNativeTarget "RickMortyUITests" */ = {
			isa = XCConfigurationList;
			buildConfigurations = (
				401B857627B5CE1300A7CF71 /* Debug */,
				401B857727B5CE1300A7CF71 /* Release */,
			);
			defaultConfigurationIsVisible = 0;
			defaultConfigurationName = Release;
		};
/* End XCConfigurationList section */

/* Begin XCRemoteSwiftPackageReference section */
		4044399B27B5DF010085A481 /* XCRemoteSwiftPackageReference "Kingfisher" */ = {
			isa = XCRemoteSwiftPackageReference;
			repositoryURL = "https://github.com/onevcat/Kingfisher.git";
			requirement = {
				kind = upToNextMajorVersion;
				minimumVersion = 7.0.0;
			};
		};
		4044399E27B5DF220085A481 /* XCRemoteSwiftPackageReference "Alamofire" */ = {
			isa = XCRemoteSwiftPackageReference;
			repositoryURL = "https://github.com/Alamofire/Alamofire.git";
			requirement = {
				kind = upToNextMajorVersion;
				minimumVersion = 5.0.0;
			};
		};
/* End XCRemoteSwiftPackageReference section */

/* Begin XCSwiftPackageProductDependency section */
		4044399C27B5DF010085A481 /* Kingfisher */ = {
			isa = XCSwiftPackageProductDependency;
			package = 4044399B27B5DF010085A481 /* XCRemoteSwiftPackageReference "Kingfisher" */;
			productName = Kingfisher;
		};
		4044399F27B5DF220085A481 /* Alamofire */ = {
			isa = XCSwiftPackageProductDependency;
			package = 4044399E27B5DF220085A481 /* XCRemoteSwiftPackageReference "Alamofire" */;
			productName = Alamofire;
		};
/* End XCSwiftPackageProductDependency section */
	};
	rootObject = 401B853D27B5CE1100A7CF71 /* Project object */;
}
